
Microsoft Visual Studio Solution File, Format Version 12.00
# Visual Studio 14
VisualStudioVersion = 14.0.25123.0
MinimumVisualStudioVersion = 10.0.40219.1
Project("{FAE04EC0-301F-11D3-BF4B-00C04F79EFBC}") = "MyTodoApp.Droid", "MyTodoApp\MyTodoApp.Droid\MyTodoApp.Droid.csproj", "{2E918771-1FB0-440D-9B9E-584731CFB15F}"
EndProject
Project("{FAE04EC0-301F-11D3-BF4B-00C04F79EFBC}") = "MyTodoApp.iOS", "MyTodoApp\MyTodoApp.iOS\MyTodoApp.iOS.csproj", "{43EA4091-86B4-451E-A85C-F315871725BE}"
EndProject
Project("{FAE04EC0-301F-11D3-BF4B-00C04F79EFBC}") = "MyTodoApp.WinPhone", "MyTodoApp\MyTodoApp.WinPhone\MyTodoApp.WinPhone.csproj", "{7B82B3E9-328E-4776-84FE-AD9C398E2925}"
EndProject
Project("{FAE04EC0-301F-11D3-BF4B-00C04F79EFBC}") = "MyTodoApp.UWP", "MyTodoApp\MyTodoApp.UWP\MyTodoApp.UWP.csproj", "{F1054E1B-DCAB-4F69-9A90-4072D55ECFB7}"
EndProject
Project("{FAE04EC0-301F-11D3-BF4B-00C04F79EFBC}") = "MyTodoApp.Windows", "MyTodoApp\MyTodoApp.Windows\MyTodoApp.Windows.csproj", "{DD088FC1-AEAC-4758-B539-15D4E65CB8D5}"
EndProject
Project("{FAE04EC0-301F-11D3-BF4B-00C04F79EFBC}") = "MyTodoApp", "MyTodoApp\MyTodoApp\MyTodoApp.csproj", "{4A172001-8858-4B4D-9C9F-4564D6C4DFB2}"
EndProject
Global
	GlobalSection(SolutionConfigurationPlatforms) = preSolution
		Ad-Hoc|Any CPU = Ad-Hoc|Any CPU
		Ad-Hoc|ARM = Ad-Hoc|ARM
		Ad-Hoc|iPhone = Ad-Hoc|iPhone
		Ad-Hoc|iPhoneSimulator = Ad-Hoc|iPhoneSimulator
		Ad-Hoc|x64 = Ad-Hoc|x64
		Ad-Hoc|x86 = Ad-Hoc|x86
		AppStore|Any CPU = AppStore|Any CPU
		AppStore|ARM = AppStore|ARM
		AppStore|iPhone = AppStore|iPhone
		AppStore|iPhoneSimulator = AppStore|iPhoneSimulator
		AppStore|x64 = AppStore|x64
		AppStore|x86 = AppStore|x86
		Debug|Any CPU = Debug|Any CPU
		Debug|ARM = Debug|ARM
		Debug|iPhone = Debug|iPhone
		Debug|iPhoneSimulator = Debug|iPhoneSimulator
		Debug|x64 = Debug|x64
		Debug|x86 = Debug|x86
		Release|Any CPU = Release|Any CPU
		Release|ARM = Release|ARM
		Release|iPhone = Release|iPhone
		Release|iPhoneSimulator = Release|iPhoneSimulator
		Release|x64 = Release|x64
		Release|x86 = Release|x86
	EndGlobalSection
	GlobalSection(ProjectConfigurationPlatforms) = postSolution
		{2E918771-1FB0-440D-9B9E-584731CFB15F}.Ad-Hoc|Any CPU.ActiveCfg = Release|Any CPU
		{2E918771-1FB0-440D-9B9E-584731CFB15F}.Ad-Hoc|Any CPU.Build.0 = Release|Any CPU
		{2E918771-1FB0-440D-9B9E-584731CFB15F}.Ad-Hoc|Any CPU.Deploy.0 = Release|Any CPU
		{2E918771-1FB0-440D-9B9E-584731CFB15F}.Ad-Hoc|ARM.ActiveCfg = Release|Any CPU
		{2E918771-1FB0-440D-9B9E-584731CFB15F}.Ad-Hoc|ARM.Build.0 = Release|Any CPU
		{2E918771-1FB0-440D-9B9E-584731CFB15F}.Ad-Hoc|ARM.Deploy.0 = Release|Any CPU
		{2E918771-1FB0-440D-9B9E-584731CFB15F}.Ad-Hoc|iPhone.ActiveCfg = Release|Any CPU
		{2E918771-1FB0-440D-9B9E-584731CFB15F}.Ad-Hoc|iPhone.Build.0 = Release|Any CPU
		{2E918771-1FB0-440D-9B9E-584731CFB15F}.Ad-Hoc|iPhone.Deploy.0 = Release|Any CPU
		{2E918771-1FB0-440D-9B9E-584731CFB15F}.Ad-Hoc|iPhoneSimulator.ActiveCfg = Release|Any CPU
		{2E918771-1FB0-440D-9B9E-584731CFB15F}.Ad-Hoc|iPhoneSimulator.Build.0 = Release|Any CPU
		{2E918771-1FB0-440D-9B9E-584731CFB15F}.Ad-Hoc|iPhoneSimulator.Deploy.0 = Release|Any CPU
		{2E918771-1FB0-440D-9B9E-584731CFB15F}.Ad-Hoc|x64.ActiveCfg = Release|Any CPU
		{2E918771-1FB0-440D-9B9E-584731CFB15F}.Ad-Hoc|x64.Build.0 = Release|Any CPU
		{2E918771-1FB0-440D-9B9E-584731CFB15F}.Ad-Hoc|x64.Deploy.0 = Release|Any CPU
		{2E918771-1FB0-440D-9B9E-584731CFB15F}.Ad-Hoc|x86.ActiveCfg = Release|Any CPU
		{2E918771-1FB0-440D-9B9E-584731CFB15F}.Ad-Hoc|x86.Build.0 = Release|Any CPU
		{2E918771-1FB0-440D-9B9E-584731CFB15F}.Ad-Hoc|x86.Deploy.0 = Release|Any CPU
		{2E918771-1FB0-440D-9B9E-584731CFB15F}.AppStore|Any CPU.ActiveCfg = Release|Any CPU
		{2E918771-1FB0-440D-9B9E-584731CFB15F}.AppStore|Any CPU.Build.0 = Release|Any CPU
		{2E918771-1FB0-440D-9B9E-584731CFB15F}.AppStore|Any CPU.Deploy.0 = Release|Any CPU
		{2E918771-1FB0-440D-9B9E-584731CFB15F}.AppStore|ARM.ActiveCfg = Release|Any CPU
		{2E918771-1FB0-440D-9B9E-584731CFB15F}.AppStore|ARM.Build.0 = Release|Any CPU
		{2E918771-1FB0-440D-9B9E-584731CFB15F}.AppStore|ARM.Deploy.0 = Release|Any CPU
		{2E918771-1FB0-440D-9B9E-584731CFB15F}.AppStore|iPhone.ActiveCfg = Release|Any CPU
		{2E918771-1FB0-440D-9B9E-584731CFB15F}.AppStore|iPhone.Build.0 = Release|Any CPU
		{2E918771-1FB0-440D-9B9E-584731CFB15F}.AppStore|iPhone.Deploy.0 = Release|Any CPU
		{2E918771-1FB0-440D-9B9E-584731CFB15F}.AppStore|iPhoneSimulator.ActiveCfg = Release|Any CPU
		{2E918771-1FB0-440D-9B9E-584731CFB15F}.AppStore|iPhoneSimulator.Build.0 = Release|Any CPU
		{2E918771-1FB0-440D-9B9E-584731CFB15F}.AppStore|iPhoneSimulator.Deploy.0 = Release|Any CPU
		{2E918771-1FB0-440D-9B9E-584731CFB15F}.AppStore|x64.ActiveCfg = Release|Any CPU
		{2E918771-1FB0-440D-9B9E-584731CFB15F}.AppStore|x64.Build.0 = Release|Any CPU
		{2E918771-1FB0-440D-9B9E-584731CFB15F}.AppStore|x64.Deploy.0 = Release|Any CPU
		{2E918771-1FB0-440D-9B9E-584731CFB15F}.AppStore|x86.ActiveCfg = Release|Any CPU
		{2E918771-1FB0-440D-9B9E-584731CFB15F}.AppStore|x86.Build.0 = Release|Any CPU
		{2E918771-1FB0-440D-9B9E-584731CFB15F}.AppStore|x86.Deploy.0 = Release|Any CPU
		{2E918771-1FB0-440D-9B9E-584731CFB15F}.Debug|Any CPU.ActiveCfg = Debug|Any CPU
		{2E918771-1FB0-440D-9B9E-584731CFB15F}.Debug|Any CPU.Build.0 = Debug|Any CPU
		{2E918771-1FB0-440D-9B9E-584731CFB15F}.Debug|Any CPU.Deploy.0 = Debug|Any CPU
		{2E918771-1FB0-440D-9B9E-584731CFB15F}.Debug|ARM.ActiveCfg = Debug|Any CPU
		{2E918771-1FB0-440D-9B9E-584731CFB15F}.Debug|ARM.Build.0 = Debug|Any CPU
		{2E918771-1FB0-440D-9B9E-584731CFB15F}.Debug|ARM.Deploy.0 = Debug|Any CPU
		{2E918771-1FB0-440D-9B9E-584731CFB15F}.Debug|iPhone.ActiveCfg = Debug|Any CPU
		{2E918771-1FB0-440D-9B9E-584731CFB15F}.Debug|iPhone.Build.0 = Debug|Any CPU
		{2E918771-1FB0-440D-9B9E-584731CFB15F}.Debug|iPhone.Deploy.0 = Debug|Any CPU
		{2E918771-1FB0-440D-9B9E-584731CFB15F}.Debug|iPhoneSimulator.ActiveCfg = Debug|Any CPU
		{2E918771-1FB0-440D-9B9E-584731CFB15F}.Debug|iPhoneSimulator.Build.0 = Debug|Any CPU
		{2E918771-1FB0-440D-9B9E-584731CFB15F}.Debug|iPhoneSimulator.Deploy.0 = Debug|Any CPU
		{2E918771-1FB0-440D-9B9E-584731CFB15F}.Debug|x64.ActiveCfg = Debug|Any CPU
		{2E918771-1FB0-440D-9B9E-584731CFB15F}.Debug|x64.Build.0 = Debug|Any CPU
		{2E918771-1FB0-440D-9B9E-584731CFB15F}.Debug|x64.Deploy.0 = Debug|Any CPU
		{2E918771-1FB0-440D-9B9E-584731CFB15F}.Debug|x86.ActiveCfg = Debug|Any CPU
		{2E918771-1FB0-440D-9B9E-584731CFB15F}.Debug|x86.Build.0 = Debug|Any CPU
		{2E918771-1FB0-440D-9B9E-584731CFB15F}.Debug|x86.Deploy.0 = Debug|Any CPU
		{2E918771-1FB0-440D-9B9E-584731CFB15F}.Release|Any CPU.ActiveCfg = Release|Any CPU
		{2E918771-1FB0-440D-9B9E-584731CFB15F}.Release|Any CPU.Build.0 = Release|Any CPU
		{2E918771-1FB0-440D-9B9E-584731CFB15F}.Release|Any CPU.Deploy.0 = Release|Any CPU
		{2E918771-1FB0-440D-9B9E-584731CFB15F}.Release|ARM.ActiveCfg = Release|Any CPU
		{2E918771-1FB0-440D-9B9E-584731CFB15F}.Release|ARM.Build.0 = Release|Any CPU
		{2E918771-1FB0-440D-9B9E-584731CFB15F}.Release|ARM.Deploy.0 = Release|Any CPU
		{2E918771-1FB0-440D-9B9E-584731CFB15F}.Release|iPhone.ActiveCfg = Release|Any CPU
		{2E918771-1FB0-440D-9B9E-584731CFB15F}.Release|iPhone.Build.0 = Release|Any CPU
		{2E918771-1FB0-440D-9B9E-584731CFB15F}.Release|iPhone.Deploy.0 = Release|Any CPU
		{2E918771-1FB0-440D-9B9E-584731CFB15F}.Release|iPhoneSimulator.ActiveCfg = Release|Any CPU
		{2E918771-1FB0-440D-9B9E-584731CFB15F}.Release|iPhoneSimulator.Build.0 = Release|Any CPU
		{2E918771-1FB0-440D-9B9E-584731CFB15F}.Release|iPhoneSimulator.Deploy.0 = Release|Any CPU
		{2E918771-1FB0-440D-9B9E-584731CFB15F}.Release|x64.ActiveCfg = Release|Any CPU
		{2E918771-1FB0-440D-9B9E-584731CFB15F}.Release|x64.Build.0 = Release|Any CPU
		{2E918771-1FB0-440D-9B9E-584731CFB15F}.Release|x64.Deploy.0 = Release|Any CPU
		{2E918771-1FB0-440D-9B9E-584731CFB15F}.Release|x86.ActiveCfg = Release|Any CPU
		{2E918771-1FB0-440D-9B9E-584731CFB15F}.Release|x86.Build.0 = Release|Any CPU
		{2E918771-1FB0-440D-9B9E-584731CFB15F}.Release|x86.Deploy.0 = Release|Any CPU
		{43EA4091-86B4-451E-A85C-F315871725BE}.Ad-Hoc|Any CPU.ActiveCfg = Ad-Hoc|iPhone
		{43EA4091-86B4-451E-A85C-F315871725BE}.Ad-Hoc|ARM.ActiveCfg = Ad-Hoc|iPhone
		{43EA4091-86B4-451E-A85C-F315871725BE}.Ad-Hoc|iPhone.ActiveCfg = Ad-Hoc|iPhone
		{43EA4091-86B4-451E-A85C-F315871725BE}.Ad-Hoc|iPhone.Build.0 = Ad-Hoc|iPhone
		{43EA4091-86B4-451E-A85C-F315871725BE}.Ad-Hoc|iPhoneSimulator.ActiveCfg = Ad-Hoc|iPhoneSimulator
		{43EA4091-86B4-451E-A85C-F315871725BE}.Ad-Hoc|iPhoneSimulator.Build.0 = Ad-Hoc|iPhoneSimulator
		{43EA4091-86B4-451E-A85C-F315871725BE}.Ad-Hoc|x64.ActiveCfg = Ad-Hoc|iPhone
		{43EA4091-86B4-451E-A85C-F315871725BE}.Ad-Hoc|x86.ActiveCfg = Ad-Hoc|iPhone
		{43EA4091-86B4-451E-A85C-F315871725BE}.AppStore|Any CPU.ActiveCfg = AppStore|iPhone
		{43EA4091-86B4-451E-A85C-F315871725BE}.AppStore|ARM.ActiveCfg = AppStore|iPhone
		{43EA4091-86B4-451E-A85C-F315871725BE}.AppStore|iPhone.ActiveCfg = AppStore|iPhone
		{43EA4091-86B4-451E-A85C-F315871725BE}.AppStore|iPhone.Build.0 = AppStore|iPhone
		{43EA4091-86B4-451E-A85C-F315871725BE}.AppStore|iPhoneSimulator.ActiveCfg = AppStore|iPhoneSimulator
		{43EA4091-86B4-451E-A85C-F315871725BE}.AppStore|iPhoneSimulator.Build.0 = AppStore|iPhoneSimulator
		{43EA4091-86B4-451E-A85C-F315871725BE}.AppStore|x64.ActiveCfg = AppStore|iPhone
		{43EA4091-86B4-451E-A85C-F315871725BE}.AppStore|x86.ActiveCfg = AppStore|iPhone
		{43EA4091-86B4-451E-A85C-F315871725BE}.Debug|Any CPU.ActiveCfg = Debug|iPhone
		{43EA4091-86B4-451E-A85C-F315871725BE}.Debug|ARM.ActiveCfg = Debug|iPhone
		{43EA4091-86B4-451E-A85C-F315871725BE}.Debug|iPhone.ActiveCfg = Debug|iPhone
		{43EA4091-86B4-451E-A85C-F315871725BE}.Debug|iPhone.Build.0 = Debug|iPhone
		{43EA4091-86B4-451E-A85C-F315871725BE}.Debug|iPhoneSimulator.ActiveCfg = Debug|iPhoneSimulator
		{43EA4091-86B4-451E-A85C-F315871725BE}.Debug|iPhoneSimulator.Build.0 = Debug|iPhoneSimulator
		{43EA4091-86B4-451E-A85C-F315871725BE}.Debug|x64.ActiveCfg = Debug|iPhone
		{43EA4091-86B4-451E-A85C-F315871725BE}.Debug|x86.ActiveCfg = Debug|iPhone
		{43EA4091-86B4-451E-A85C-F315871725BE}.Release|Any CPU.ActiveCfg = Release|iPhone
		{43EA4091-86B4-451E-A85C-F315871725BE}.Release|ARM.ActiveCfg = Release|iPhone
		{43EA4091-86B4-451E-A85C-F315871725BE}.Release|iPhone.ActiveCfg = Release|iPhone
		{43EA4091-86B4-451E-A85C-F315871725BE}.Release|iPhone.Build.0 = Release|iPhone
		{43EA4091-86B4-451E-A85C-F315871725BE}.Release|iPhoneSimulator.ActiveCfg = Release|iPhoneSimulator
		{43EA4091-86B4-451E-A85C-F315871725BE}.Release|iPhoneSimulator.Build.0 = Release|iPhoneSimulator
		{43EA4091-86B4-451E-A85C-F315871725BE}.Release|x64.ActiveCfg = Release|iPhone
		{43EA4091-86B4-451E-A85C-F315871725BE}.Release|x86.ActiveCfg = Release|iPhone
		{7B82B3E9-328E-4776-84FE-AD9C398E2925}.Ad-Hoc|Any CPU.ActiveCfg = Release|Any CPU
		{7B82B3E9-328E-4776-84FE-AD9C398E2925}.Ad-Hoc|Any CPU.Build.0 = Release|Any CPU
		{7B82B3E9-328E-4776-84FE-AD9C398E2925}.Ad-Hoc|Any CPU.Deploy.0 = Release|Any CPU
		{7B82B3E9-328E-4776-84FE-AD9C398E2925}.Ad-Hoc|ARM.ActiveCfg = Release|ARM
		{7B82B3E9-328E-4776-84FE-AD9C398E2925}.Ad-Hoc|ARM.Build.0 = Release|ARM
		{7B82B3E9-328E-4776-84FE-AD9C398E2925}.Ad-Hoc|ARM.Deploy.0 = Release|ARM
		{7B82B3E9-328E-4776-84FE-AD9C398E2925}.Ad-Hoc|iPhone.ActiveCfg = Release|Any CPU
		{7B82B3E9-328E-4776-84FE-AD9C398E2925}.Ad-Hoc|iPhone.Build.0 = Release|Any CPU
		{7B82B3E9-328E-4776-84FE-AD9C398E2925}.Ad-Hoc|iPhone.Deploy.0 = Release|Any CPU
		{7B82B3E9-328E-4776-84FE-AD9C398E2925}.Ad-Hoc|iPhoneSimulator.ActiveCfg = Release|Any CPU
		{7B82B3E9-328E-4776-84FE-AD9C398E2925}.Ad-Hoc|iPhoneSimulator.Build.0 = Release|Any CPU
		{7B82B3E9-328E-4776-84FE-AD9C398E2925}.Ad-Hoc|iPhoneSimulator.Deploy.0 = Release|Any CPU
		{7B82B3E9-328E-4776-84FE-AD9C398E2925}.Ad-Hoc|x64.ActiveCfg = Release|Any CPU
		{7B82B3E9-328E-4776-84FE-AD9C398E2925}.Ad-Hoc|x64.Build.0 = Release|Any CPU
		{7B82B3E9-328E-4776-84FE-AD9C398E2925}.Ad-Hoc|x64.Deploy.0 = Release|Any CPU
		{7B82B3E9-328E-4776-84FE-AD9C398E2925}.Ad-Hoc|x86.ActiveCfg = Release|x86
		{7B82B3E9-328E-4776-84FE-AD9C398E2925}.Ad-Hoc|x86.Build.0 = Release|x86
		{7B82B3E9-328E-4776-84FE-AD9C398E2925}.Ad-Hoc|x86.Deploy.0 = Release|x86
		{7B82B3E9-328E-4776-84FE-AD9C398E2925}.AppStore|Any CPU.ActiveCfg = Release|Any CPU
		{7B82B3E9-328E-4776-84FE-AD9C398E2925}.AppStore|Any CPU.Build.0 = Release|Any CPU
		{7B82B3E9-328E-4776-84FE-AD9C398E2925}.AppStore|Any CPU.Deploy.0 = Release|Any CPU
		{7B82B3E9-328E-4776-84FE-AD9C398E2925}.AppStore|ARM.ActiveCfg = Release|ARM
		{7B82B3E9-328E-4776-84FE-AD9C398E2925}.AppStore|ARM.Build.0 = Release|ARM
		{7B82B3E9-328E-4776-84FE-AD9C398E2925}.AppStore|ARM.Deploy.0 = Release|ARM
		{7B82B3E9-328E-4776-84FE-AD9C398E2925}.AppStore|iPhone.ActiveCfg = Release|Any CPU
		{7B82B3E9-328E-4776-84FE-AD9C398E2925}.AppStore|iPhone.Build.0 = Release|Any CPU
		{7B82B3E9-328E-4776-84FE-AD9C398E2925}.AppStore|iPhone.Deploy.0 = Release|Any CPU
		{7B82B3E9-328E-4776-84FE-AD9C398E2925}.AppStore|iPhoneSimulator.ActiveCfg = Release|Any CPU
		{7B82B3E9-328E-4776-84FE-AD9C398E2925}.AppStore|iPhoneSimulator.Build.0 = Release|Any CPU
		{7B82B3E9-328E-4776-84FE-AD9C398E2925}.AppStore|iPhoneSimulator.Deploy.0 = Release|Any CPU
		{7B82B3E9-328E-4776-84FE-AD9C398E2925}.AppStore|x64.ActiveCfg = Release|Any CPU
		{7B82B3E9-328E-4776-84FE-AD9C398E2925}.AppStore|x64.Build.0 = Release|Any CPU
		{7B82B3E9-328E-4776-84FE-AD9C398E2925}.AppStore|x64.Deploy.0 = Release|Any CPU
		{7B82B3E9-328E-4776-84FE-AD9C398E2925}.AppStore|x86.ActiveCfg = Release|x86
		{7B82B3E9-328E-4776-84FE-AD9C398E2925}.AppStore|x86.Build.0 = Release|x86
		{7B82B3E9-328E-4776-84FE-AD9C398E2925}.AppStore|x86.Deploy.0 = Release|x86
		{7B82B3E9-328E-4776-84FE-AD9C398E2925}.Debug|Any CPU.ActiveCfg = Debug|Any CPU
		{7B82B3E9-328E-4776-84FE-AD9C398E2925}.Debug|Any CPU.Build.0 = Debug|Any CPU
		{7B82B3E9-328E-4776-84FE-AD9C398E2925}.Debug|Any CPU.Deploy.0 = Debug|Any CPU
		{7B82B3E9-328E-4776-84FE-AD9C398E2925}.Debug|ARM.ActiveCfg = Debug|ARM
		{7B82B3E9-328E-4776-84FE-AD9C398E2925}.Debug|ARM.Build.0 = Debug|ARM
		{7B82B3E9-328E-4776-84FE-AD9C398E2925}.Debug|ARM.Deploy.0 = Debug|ARM
		{7B82B3E9-328E-4776-84FE-AD9C398E2925}.Debug|iPhone.ActiveCfg = Debug|Any CPU
		{7B82B3E9-328E-4776-84FE-AD9C398E2925}.Debug|iPhone.Build.0 = Debug|Any CPU
		{7B82B3E9-328E-4776-84FE-AD9C398E2925}.Debug|iPhone.Deploy.0 = Debug|Any CPU
		{7B82B3E9-328E-4776-84FE-AD9C398E2925}.Debug|iPhoneSimulator.ActiveCfg = Debug|Any CPU
		{7B82B3E9-328E-4776-84FE-AD9C398E2925}.Debug|iPhoneSimulator.Build.0 = Debug|Any CPU
		{7B82B3E9-328E-4776-84FE-AD9C398E2925}.Debug|iPhoneSimulator.Deploy.0 = Debug|Any CPU
		{7B82B3E9-328E-4776-84FE-AD9C398E2925}.Debug|x64.ActiveCfg = Debug|Any CPU
		{7B82B3E9-328E-4776-84FE-AD9C398E2925}.Debug|x64.Build.0 = Debug|Any CPU
		{7B82B3E9-328E-4776-84FE-AD9C398E2925}.Debug|x64.Deploy.0 = Debug|Any CPU
		{7B82B3E9-328E-4776-84FE-AD9C398E2925}.Debug|x86.ActiveCfg = Debug|x86
		{7B82B3E9-328E-4776-84FE-AD9C398E2925}.Debug|x86.Build.0 = Debug|x86
		{7B82B3E9-328E-4776-84FE-AD9C398E2925}.Debug|x86.Deploy.0 = Debug|x86
		{7B82B3E9-328E-4776-84FE-AD9C398E2925}.Release|Any CPU.ActiveCfg = Release|Any CPU
		{7B82B3E9-328E-4776-84FE-AD9C398E2925}.Release|Any CPU.Build.0 = Release|Any CPU
		{7B82B3E9-328E-4776-84FE-AD9C398E2925}.Release|Any CPU.Deploy.0 = Release|Any CPU
		{7B82B3E9-328E-4776-84FE-AD9C398E2925}.Release|ARM.ActiveCfg = Release|ARM
		{7B82B3E9-328E-4776-84FE-AD9C398E2925}.Release|ARM.Build.0 = Release|ARM
		{7B82B3E9-328E-4776-84FE-AD9C398E2925}.Release|ARM.Deploy.0 = Release|ARM
		{7B82B3E9-328E-4776-84FE-AD9C398E2925}.Release|iPhone.ActiveCfg = Release|Any CPU
		{7B82B3E9-328E-4776-84FE-AD9C398E2925}.Release|iPhone.Build.0 = Release|Any CPU
		{7B82B3E9-328E-4776-84FE-AD9C398E2925}.Release|iPhone.Deploy.0 = Release|Any CPU
		{7B82B3E9-328E-4776-84FE-AD9C398E2925}.Release|iPhoneSimulator.ActiveCfg = Release|Any CPU
		{7B82B3E9-328E-4776-84FE-AD9C398E2925}.Release|iPhoneSimulator.Build.0 = Release|Any CPU
		{7B82B3E9-328E-4776-84FE-AD9C398E2925}.Release|iPhoneSimulator.Deploy.0 = Release|Any CPU
		{7B82B3E9-328E-4776-84FE-AD9C398E2925}.Release|x64.ActiveCfg = Release|Any CPU
		{7B82B3E9-328E-4776-84FE-AD9C398E2925}.Release|x64.Build.0 = Release|Any CPU
		{7B82B3E9-328E-4776-84FE-AD9C398E2925}.Release|x64.Deploy.0 = Release|Any CPU
		{7B82B3E9-328E-4776-84FE-AD9C398E2925}.Release|x86.ActiveCfg = Release|x86
		{7B82B3E9-328E-4776-84FE-AD9C398E2925}.Release|x86.Build.0 = Release|x86
		{7B82B3E9-328E-4776-84FE-AD9C398E2925}.Release|x86.Deploy.0 = Release|x86
		{F1054E1B-DCAB-4F69-9A90-4072D55ECFB7}.Ad-Hoc|Any CPU.ActiveCfg = Release|x86
		{F1054E1B-DCAB-4F69-9A90-4072D55ECFB7}.Ad-Hoc|Any CPU.Build.0 = Release|x86
		{F1054E1B-DCAB-4F69-9A90-4072D55ECFB7}.Ad-Hoc|Any CPU.Deploy.0 = Release|x86
		{F1054E1B-DCAB-4F69-9A90-4072D55ECFB7}.Ad-Hoc|ARM.ActiveCfg = Release|ARM
		{F1054E1B-DCAB-4F69-9A90-4072D55ECFB7}.Ad-Hoc|ARM.Build.0 = Release|ARM
		{F1054E1B-DCAB-4F69-9A90-4072D55ECFB7}.Ad-Hoc|ARM.Deploy.0 = Release|ARM
		{F1054E1B-DCAB-4F69-9A90-4072D55ECFB7}.Ad-Hoc|iPhone.ActiveCfg = Release|x86
		{F1054E1B-DCAB-4F69-9A90-4072D55ECFB7}.Ad-Hoc|iPhone.Build.0 = Release|x86
		{F1054E1B-DCAB-4F69-9A90-4072D55ECFB7}.Ad-Hoc|iPhone.Deploy.0 = Release|x86
		{F1054E1B-DCAB-4F69-9A90-4072D55ECFB7}.Ad-Hoc|iPhoneSimulator.ActiveCfg = Release|x86
		{F1054E1B-DCAB-4F69-9A90-4072D55ECFB7}.Ad-Hoc|iPhoneSimulator.Build.0 = Release|x86
		{F1054E1B-DCAB-4F69-9A90-4072D55ECFB7}.Ad-Hoc|iPhoneSimulator.Deploy.0 = Release|x86
		{F1054E1B-DCAB-4F69-9A90-4072D55ECFB7}.Ad-Hoc|x64.ActiveCfg = Release|x64
		{F1054E1B-DCAB-4F69-9A90-4072D55ECFB7}.Ad-Hoc|x64.Build.0 = Release|x64
		{F1054E1B-DCAB-4F69-9A90-4072D55ECFB7}.Ad-Hoc|x64.Deploy.0 = Release|x64
		{F1054E1B-DCAB-4F69-9A90-4072D55ECFB7}.Ad-Hoc|x86.ActiveCfg = Release|x86
		{F1054E1B-DCAB-4F69-9A90-4072D55ECFB7}.Ad-Hoc|x86.Build.0 = Release|x86
		{F1054E1B-DCAB-4F69-9A90-4072D55ECFB7}.Ad-Hoc|x86.Deploy.0 = Release|x86
		{F1054E1B-DCAB-4F69-9A90-4072D55ECFB7}.AppStore|Any CPU.ActiveCfg = Release|x86
		{F1054E1B-DCAB-4F69-9A90-4072D55ECFB7}.AppStore|Any CPU.Build.0 = Release|x86
		{F1054E1B-DCAB-4F69-9A90-4072D55ECFB7}.AppStore|Any CPU.Deploy.0 = Release|x86
		{F1054E1B-DCAB-4F69-9A90-4072D55ECFB7}.AppStore|ARM.ActiveCfg = Release|ARM
		{F1054E1B-DCAB-4F69-9A90-4072D55ECFB7}.AppStore|ARM.Build.0 = Release|ARM
		{F1054E1B-DCAB-4F69-9A90-4072D55ECFB7}.AppStore|ARM.Deploy.0 = Release|ARM
		{F1054E1B-DCAB-4F69-9A90-4072D55ECFB7}.AppStore|iPhone.ActiveCfg = Release|x86
		{F1054E1B-DCAB-4F69-9A90-4072D55ECFB7}.AppStore|iPhone.Build.0 = Release|x86
		{F1054E1B-DCAB-4F69-9A90-4072D55ECFB7}.AppStore|iPhone.Deploy.0 = Release|x86
		{F1054E1B-DCAB-4F69-9A90-4072D55ECFB7}.AppStore|iPhoneSimulator.ActiveCfg = Release|x86
		{F1054E1B-DCAB-4F69-9A90-4072D55ECFB7}.AppStore|iPhoneSimulator.Build.0 = Release|x86
		{F1054E1B-DCAB-4F69-9A90-4072D55ECFB7}.AppStore|iPhoneSimulator.Deploy.0 = Release|x86
		{F1054E1B-DCAB-4F69-9A90-4072D55ECFB7}.AppStore|x64.ActiveCfg = Release|x64
		{F1054E1B-DCAB-4F69-9A90-4072D55ECFB7}.AppStore|x64.Build.0 = Release|x64
		{F1054E1B-DCAB-4F69-9A90-4072D55ECFB7}.AppStore|x64.Deploy.0 = Release|x64
		{F1054E1B-DCAB-4F69-9A90-4072D55ECFB7}.AppStore|x86.ActiveCfg = Release|x86
		{F1054E1B-DCAB-4F69-9A90-4072D55ECFB7}.AppStore|x86.Build.0 = Release|x86
		{F1054E1B-DCAB-4F69-9A90-4072D55ECFB7}.AppStore|x86.Deploy.0 = Release|x86
		{F1054E1B-DCAB-4F69-9A90-4072D55ECFB7}.Debug|Any CPU.ActiveCfg = Debug|x86
		{F1054E1B-DCAB-4F69-9A90-4072D55ECFB7}.Debug|ARM.ActiveCfg = Debug|ARM
		{F1054E1B-DCAB-4F69-9A90-4072D55ECFB7}.Debug|ARM.Build.0 = Debug|ARM
		{F1054E1B-DCAB-4F69-9A90-4072D55ECFB7}.Debug|ARM.Deploy.0 = Debug|ARM
		{F1054E1B-DCAB-4F69-9A90-4072D55ECFB7}.Debug|iPhone.ActiveCfg = Debug|x86
		{F1054E1B-DCAB-4F69-9A90-4072D55ECFB7}.Debug|iPhoneSimulator.ActiveCfg = Debug|x86
		{F1054E1B-DCAB-4F69-9A90-4072D55ECFB7}.Debug|x64.ActiveCfg = Debug|x64
		{F1054E1B-DCAB-4F69-9A90-4072D55ECFB7}.Debug|x64.Build.0 = Debug|x64
		{F1054E1B-DCAB-4F69-9A90-4072D55ECFB7}.Debug|x64.Deploy.0 = Debug|x64
		{F1054E1B-DCAB-4F69-9A90-4072D55ECFB7}.Debug|x86.ActiveCfg = Debug|x86
		{F1054E1B-DCAB-4F69-9A90-4072D55ECFB7}.Debug|x86.Build.0 = Debug|x86
		{F1054E1B-DCAB-4F69-9A90-4072D55ECFB7}.Debug|x86.Deploy.0 = Debug|x86
		{F1054E1B-DCAB-4F69-9A90-4072D55ECFB7}.Release|Any CPU.ActiveCfg = Release|x86
		{F1054E1B-DCAB-4F69-9A90-4072D55ECFB7}.Release|ARM.ActiveCfg = Release|ARM
		{F1054E1B-DCAB-4F69-9A90-4072D55ECFB7}.Release|ARM.Build.0 = Release|ARM
		{F1054E1B-DCAB-4F69-9A90-4072D55ECFB7}.Release|ARM.Deploy.0 = Release|ARM
		{F1054E1B-DCAB-4F69-9A90-4072D55ECFB7}.Release|iPhone.ActiveCfg = Release|x86
		{F1054E1B-DCAB-4F69-9A90-4072D55ECFB7}.Release|iPhoneSimulator.ActiveCfg = Release|x86
		{F1054E1B-DCAB-4F69-9A90-4072D55ECFB7}.Release|x64.ActiveCfg = Release|x64
		{F1054E1B-DCAB-4F69-9A90-4072D55ECFB7}.Release|x64.Build.0 = Release|x64
		{F1054E1B-DCAB-4F69-9A90-4072D55ECFB7}.Release|x64.Deploy.0 = Release|x64
		{F1054E1B-DCAB-4F69-9A90-4072D55ECFB7}.Release|x86.ActiveCfg = Release|x86
		{F1054E1B-DCAB-4F69-9A90-4072D55ECFB7}.Release|x86.Build.0 = Release|x86
		{F1054E1B-DCAB-4F69-9A90-4072D55ECFB7}.Release|x86.Deploy.0 = Release|x86
		{DD088FC1-AEAC-4758-B539-15D4E65CB8D5}.Ad-Hoc|Any CPU.ActiveCfg = Release|Any CPU
		{DD088FC1-AEAC-4758-B539-15D4E65CB8D5}.Ad-Hoc|Any CPU.Build.0 = Release|Any CPU
		{DD088FC1-AEAC-4758-B539-15D4E65CB8D5}.Ad-Hoc|Any CPU.Deploy.0 = Release|Any CPU
		{DD088FC1-AEAC-4758-B539-15D4E65CB8D5}.Ad-Hoc|ARM.ActiveCfg = Release|ARM
		{DD088FC1-AEAC-4758-B539-15D4E65CB8D5}.Ad-Hoc|ARM.Build.0 = Release|ARM
		{DD088FC1-AEAC-4758-B539-15D4E65CB8D5}.Ad-Hoc|ARM.Deploy.0 = Release|ARM
		{DD088FC1-AEAC-4758-B539-15D4E65CB8D5}.Ad-Hoc|iPhone.ActiveCfg = Release|Any CPU
		{DD088FC1-AEAC-4758-B539-15D4E65CB8D5}.Ad-Hoc|iPhone.Build.0 = Release|Any CPU
		{DD088FC1-AEAC-4758-B539-15D4E65CB8D5}.Ad-Hoc|iPhone.Deploy.0 = Release|Any CPU
		{DD088FC1-AEAC-4758-B539-15D4E65CB8D5}.Ad-Hoc|iPhoneSimulator.ActiveCfg = Release|Any CPU
		{DD088FC1-AEAC-4758-B539-15D4E65CB8D5}.Ad-Hoc|iPhoneSimulator.Build.0 = Release|Any CPU
		{DD088FC1-AEAC-4758-B539-15D4E65CB8D5}.Ad-Hoc|iPhoneSimulator.Deploy.0 = Release|Any CPU
		{DD088FC1-AEAC-4758-B539-15D4E65CB8D5}.Ad-Hoc|x64.ActiveCfg = Release|x64
		{DD088FC1-AEAC-4758-B539-15D4E65CB8D5}.Ad-Hoc|x64.Build.0 = Release|x64
		{DD088FC1-AEAC-4758-B539-15D4E65CB8D5}.Ad-Hoc|x64.Deploy.0 = Release|x64
		{DD088FC1-AEAC-4758-B539-15D4E65CB8D5}.Ad-Hoc|x86.ActiveCfg = Release|x86
		{DD088FC1-AEAC-4758-B539-15D4E65CB8D5}.Ad-Hoc|x86.Build.0 = Release|x86
		{DD088FC1-AEAC-4758-B539-15D4E65CB8D5}.Ad-Hoc|x86.Deploy.0 = Release|x86
		{DD088FC1-AEAC-4758-B539-15D4E65CB8D5}.AppStore|Any CPU.ActiveCfg = Release|Any CPU
		{DD088FC1-AEAC-4758-B539-15D4E65CB8D5}.AppStore|Any CPU.Build.0 = Release|Any CPU
		{DD088FC1-AEAC-4758-B539-15D4E65CB8D5}.AppStore|Any CPU.Deploy.0 = Release|Any CPU
		{DD088FC1-AEAC-4758-B539-15D4E65CB8D5}.AppStore|ARM.ActiveCfg = Release|ARM
		{DD088FC1-AEAC-4758-B539-15D4E65CB8D5}.AppStore|ARM.Build.0 = Release|ARM
		{DD088FC1-AEAC-4758-B539-15D4E65CB8D5}.AppStore|ARM.Deploy.0 = Release|ARM
		{DD088FC1-AEAC-4758-B539-15D4E65CB8D5}.AppStore|iPhone.ActiveCfg = Release|Any CPU
		{DD088FC1-AEAC-4758-B539-15D4E65CB8D5}.AppStore|iPhone.Build.0 = Release|Any CPU
		{DD088FC1-AEAC-4758-B539-15D4E65CB8D5}.AppStore|iPhone.Deploy.0 = Release|Any CPU
		{DD088FC1-AEAC-4758-B539-15D4E65CB8D5}.AppStore|iPhoneSimulator.ActiveCfg = Release|Any CPU
		{DD088FC1-AEAC-4758-B539-15D4E65CB8D5}.AppStore|iPhoneSimulator.Build.0 = Release|Any CPU
		{DD088FC1-AEAC-4758-B539-15D4E65CB8D5}.AppStore|iPhoneSimulator.Deploy.0 = Release|Any CPU
		{DD088FC1-AEAC-4758-B539-15D4E65CB8D5}.AppStore|x64.ActiveCfg = Release|x64
		{DD088FC1-AEAC-4758-B539-15D4E65CB8D5}.AppStore|x64.Build.0 = Release|x64
		{DD088FC1-AEAC-4758-B539-15D4E65CB8D5}.AppStore|x64.Deploy.0 = Release|x64
		{DD088FC1-AEAC-4758-B539-15D4E65CB8D5}.AppStore|x86.ActiveCfg = Release|x86
		{DD088FC1-AEAC-4758-B539-15D4E65CB8D5}.AppStore|x86.Build.0 = Release|x86
		{DD088FC1-AEAC-4758-B539-15D4E65CB8D5}.AppStore|x86.Deploy.0 = Release|x86
		{DD088FC1-AEAC-4758-B539-15D4E65CB8D5}.Debug|Any CPU.ActiveCfg = Debug|Any CPU
		{DD088FC1-AEAC-4758-B539-15D4E65CB8D5}.Debug|Any CPU.Build.0 = Debug|Any CPU
		{DD088FC1-AEAC-4758-B539-15D4E65CB8D5}.Debug|Any CPU.Deploy.0 = Debug|Any CPU
		{DD088FC1-AEAC-4758-B539-15D4E65CB8D5}.Debug|ARM.ActiveCfg = Debug|ARM
		{DD088FC1-AEAC-4758-B539-15D4E65CB8D5}.Debug|ARM.Build.0 = Debug|ARM
		{DD088FC1-AEAC-4758-B539-15D4E65CB8D5}.Debug|ARM.Deploy.0 = Debug|ARM
		{DD088FC1-AEAC-4758-B539-15D4E65CB8D5}.Debug|iPhone.ActiveCfg = Debug|Any CPU
		{DD088FC1-AEAC-4758-B539-15D4E65CB8D5}.Debug|iPhone.Build.0 = Debug|Any CPU
		{DD088FC1-AEAC-4758-B539-15D4E65CB8D5}.Debug|iPhone.Deploy.0 = Debug|Any CPU
		{DD088FC1-AEAC-4758-B539-15D4E65CB8D5}.Debug|iPhoneSimulator.ActiveCfg = Debug|Any CPU
		{DD088FC1-AEAC-4758-B539-15D4E65CB8D5}.Debug|iPhoneSimulator.Build.0 = Debug|Any CPU
		{DD088FC1-AEAC-4758-B539-15D4E65CB8D5}.Debug|iPhoneSimulator.Deploy.0 = Debug|Any CPU
		{DD088FC1-AEAC-4758-B539-15D4E65CB8D5}.Debug|x64.ActiveCfg = Debug|x64
		{DD088FC1-AEAC-4758-B539-15D4E65CB8D5}.Debug|x64.Build.0 = Debug|x64
		{DD088FC1-AEAC-4758-B539-15D4E65CB8D5}.Debug|x64.Deploy.0 = Debug|x64
		{DD088FC1-AEAC-4758-B539-15D4E65CB8D5}.Debug|x86.ActiveCfg = Debug|x86
		{DD088FC1-AEAC-4758-B539-15D4E65CB8D5}.Debug|x86.Build.0 = Debug|x86
		{DD088FC1-AEAC-4758-B539-15D4E65CB8D5}.Debug|x86.Deploy.0 = Debug|x86
		{DD088FC1-AEAC-4758-B539-15D4E65CB8D5}.Release|Any CPU.ActiveCfg = Release|Any CPU
		{DD088FC1-AEAC-4758-B539-15D4E65CB8D5}.Release|Any CPU.Build.0 = Release|Any CPU
		{DD088FC1-AEAC-4758-B539-15D4E65CB8D5}.Release|Any CPU.Deploy.0 = Release|Any CPU
		{DD088FC1-AEAC-4758-B539-15D4E65CB8D5}.Release|ARM.ActiveCfg = Release|ARM
		{DD088FC1-AEAC-4758-B539-15D4E65CB8D5}.Release|ARM.Build.0 = Release|ARM
		{DD088FC1-AEAC-4758-B539-15D4E65CB8D5}.Release|ARM.Deploy.0 = Release|ARM
		{DD088FC1-AEAC-4758-B539-15D4E65CB8D5}.Release|iPhone.ActiveCfg = Release|Any CPU
		{DD088FC1-AEAC-4758-B539-15D4E65CB8D5}.Release|iPhone.Build.0 = Release|Any CPU
		{DD088FC1-AEAC-4758-B539-15D4E65CB8D5}.Release|iPhone.Deploy.0 = Release|Any CPU
		{DD088FC1-AEAC-4758-B539-15D4E65CB8D5}.Release|iPhoneSimulator.ActiveCfg = Release|Any CPU
		{DD088FC1-AEAC-4758-B539-15D4E65CB8D5}.Release|iPhoneSimulator.Build.0 = Release|Any CPU
		{DD088FC1-AEAC-4758-B539-15D4E65CB8D5}.Release|iPhoneSimulator.Deploy.0 = Release|Any CPU
		{DD088FC1-AEAC-4758-B539-15D4E65CB8D5}.Release|x64.ActiveCfg = Release|x64
		{DD088FC1-AEAC-4758-B539-15D4E65CB8D5}.Release|x64.Build.0 = Release|x64
		{DD088FC1-AEAC-4758-B539-15D4E65CB8D5}.Release|x64.Deploy.0 = Release|x64
		{DD088FC1-AEAC-4758-B539-15D4E65CB8D5}.Release|x86.ActiveCfg = Release|x86
		{DD088FC1-AEAC-4758-B539-15D4E65CB8D5}.Release|x86.Build.0 = Release|x86
		{DD088FC1-AEAC-4758-B539-15D4E65CB8D5}.Release|x86.Deploy.0 = Release|x86
		{4A172001-8858-4B4D-9C9F-4564D6C4DFB2}.Ad-Hoc|Any CPU.ActiveCfg = Release|Any CPU
		{4A172001-8858-4B4D-9C9F-4564D6C4DFB2}.Ad-Hoc|Any CPU.Build.0 = Release|Any CPU
		{4A172001-8858-4B4D-9C9F-4564D6C4DFB2}.Ad-Hoc|ARM.ActiveCfg = Release|Any CPU
		{4A172001-8858-4B4D-9C9F-4564D6C4DFB2}.Ad-Hoc|ARM.Build.0 = Release|Any CPU
		{4A172001-8858-4B4D-9C9F-4564D6C4DFB2}.Ad-Hoc|iPhone.ActiveCfg = Release|Any CPU
		{4A172001-8858-4B4D-9C9F-4564D6C4DFB2}.Ad-Hoc|iPhone.Build.0 = Release|Any CPU
		{4A172001-8858-4B4D-9C9F-4564D6C4DFB2}.Ad-Hoc|iPhoneSimulator.ActiveCfg = Release|Any CPU
		{4A172001-8858-4B4D-9C9F-4564D6C4DFB2}.Ad-Hoc|iPhoneSimulator.Build.0 = Release|Any CPU
		{4A172001-8858-4B4D-9C9F-4564D6C4DFB2}.Ad-Hoc|x64.ActiveCfg = Release|Any CPU
		{4A172001-8858-4B4D-9C9F-4564D6C4DFB2}.Ad-Hoc|x64.Build.0 = Release|Any CPU
		{4A172001-8858-4B4D-9C9F-4564D6C4DFB2}.Ad-Hoc|x86.ActiveCfg = Release|Any CPU
		{4A172001-8858-4B4D-9C9F-4564D6C4DFB2}.Ad-Hoc|x86.Build.0 = Release|Any CPU
		{4A172001-8858-4B4D-9C9F-4564D6C4DFB2}.AppStore|Any CPU.ActiveCfg = Release|Any CPU
		{4A172001-8858-4B4D-9C9F-4564D6C4DFB2}.AppStore|Any CPU.Build.0 = Release|Any CPU
		{4A172001-8858-4B4D-9C9F-4564D6C4DFB2}.AppStore|ARM.ActiveCfg = Release|Any CPU
		{4A172001-8858-4B4D-9C9F-4564D6C4DFB2}.AppStore|ARM.Build.0 = Release|Any CPU
		{4A172001-8858-4B4D-9C9F-4564D6C4DFB2}.AppStore|iPhone.ActiveCfg = Release|Any CPU
		{4A172001-8858-4B4D-9C9F-4564D6C4DFB2}.AppStore|iPhone.Build.0 = Release|Any CPU
		{4A172001-8858-4B4D-9C9F-4564D6C4DFB2}.AppStore|iPhoneSimulator.ActiveCfg = Release|Any CPU
		{4A172001-8858-4B4D-9C9F-4564D6C4DFB2}.AppStore|iPhoneSimulator.Build.0 = Release|Any CPU
		{4A172001-8858-4B4D-9C9F-4564D6C4DFB2}.AppStore|x64.ActiveCfg = Release|Any CPU
		{4A172001-8858-4B4D-9C9F-4564D6C4DFB2}.AppStore|x64.Build.0 = Release|Any CPU
		{4A172001-8858-4B4D-9C9F-4564D6C4DFB2}.AppStore|x86.ActiveCfg = Release|Any CPU
		{4A172001-8858-4B4D-9C9F-4564D6C4DFB2}.AppStore|x86.Build.0 = Release|Any CPU
		{4A172001-8858-4B4D-9C9F-4564D6C4DFB2}.Debug|Any CPU.ActiveCfg = Debug|Any CPU
		{4A172001-8858-4B4D-9C9F-4564D6C4DFB2}.Debug|Any CPU.Build.0 = Debug|Any CPU
		{4A172001-8858-4B4D-9C9F-4564D6C4DFB2}.Debug|ARM.ActiveCfg = Debug|Any CPU
		{4A172001-8858-4B4D-9C9F-4564D6C4DFB2}.Debug|ARM.Build.0 = Debug|Any CPU
		{4A172001-8858-4B4D-9C9F-4564D6C4DFB2}.Debug|iPhone.ActiveCfg = Debug|Any CPU
		{4A172001-8858-4B4D-9C9F-4564D6C4DFB2}.Debug|iPhone.Build.0 = Debug|Any CPU
		{4A172001-8858-4B4D-9C9F-4564D6C4DFB2}.Debug|iPhoneSimulator.ActiveCfg = Debug|Any CPU
		{4A172001-8858-4B4D-9C9F-4564D6C4DFB2}.Debug|iPhoneSimulator.Build.0 = Debug|Any CPU
		{4A172001-8858-4B4D-9C9F-4564D6C4DFB2}.Debug|x64.ActiveCfg = Debug|Any CPU
		{4A172001-8858-4B4D-9C9F-4564D6C4DFB2}.Debug|x64.Build.0 = Debug|Any CPU
		{4A172001-8858-4B4D-9C9F-4564D6C4DFB2}.Debug|x86.ActiveCfg = Debug|Any CPU
		{4A172001-8858-4B4D-9C9F-4564D6C4DFB2}.Debug|x86.Build.0 = Debug|Any CPU
		{4A172001-8858-4B4D-9C9F-4564D6C4DFB2}.Release|Any CPU.ActiveCfg = Release|Any CPU
		{4A172001-8858-4B4D-9C9F-4564D6C4DFB2}.Release|Any CPU.Build.0 = Release|Any CPU
		{4A172001-8858-4B4D-9C9F-4564D6C4DFB2}.Release|ARM.ActiveCfg = Release|Any CPU
		{4A172001-8858-4B4D-9C9F-4564D6C4DFB2}.Release|ARM.Build.0 = Release|Any CPU
		{4A172001-8858-4B4D-9C9F-4564D6C4DFB2}.Release|iPhone.ActiveCfg = Release|Any CPU
		{4A172001-8858-4B4D-9C9F-4564D6C4DFB2}.Release|iPhone.Build.0 = Release|Any CPU
		{4A172001-8858-4B4D-9C9F-4564D6C4DFB2}.Release|iPhoneSimulator.ActiveCfg = Release|Any CPU
		{4A172001-8858-4B4D-9C9F-4564D6C4DFB2}.Release|iPhoneSimulator.Build.0 = Release|Any CPU
		{4A172001-8858-4B4D-9C9F-4564D6C4DFB2}.Release|x64.ActiveCfg = Release|Any CPU
		{4A172001-8858-4B4D-9C9F-4564D6C4DFB2}.Release|x64.Build.0 = Release|Any CPU
		{4A172001-8858-4B4D-9C9F-4564D6C4DFB2}.Release|x86.ActiveCfg = Release|Any CPU
		{4A172001-8858-4B4D-9C9F-4564D6C4DFB2}.Release|x86.Build.0 = Release|Any CPU
	EndGlobalSection
	GlobalSection(SolutionProperties) = preSolution
		HideSolutionNode = FALSE
	EndGlobalSection
EndGlobal
